
Microsoft Visual Studio Solution File, Format Version 12.00
# Visual Studio Version 17
VisualStudioVersion = 17.3.32804.467
MinimumVisualStudioVersion = 10.0.40219.1
Project("{9A19103F-16F7-4668-BE54-9A1E7A4F7556}") = "STUDY.Blazor.FifaWorldCup.Server", "STUDY.Blazor.FifaWorldCup\Server\STUDY.Blazor.FifaWorldCup.Server.csproj", "{4045E3B4-BAB8-4254-AFEC-99AD53E122CD}"
EndProject
Project("{9A19103F-16F7-4668-BE54-9A1E7A4F7556}") = "STUDY.Blazor.FifaWorldCup.Client", "STUDY.Blazor.FifaWorldCup\Client\STUDY.Blazor.FifaWorldCup.Client.csproj", "{BB5807B9-B857-4A21-8FC1-237C07974222}"
EndProject
Project("{9A19103F-16F7-4668-BE54-9A1E7A4F7556}") = "STUDY.Blazor.FifaWorldCup.Shared", "STUDY.Blazor.FifaWorldCup\Shared\STUDY.Blazor.FifaWorldCup.Shared.csproj", "{F9ABEFA4-6963-4D9F-B9F6-2A1CD0772C51}"
EndProject
Global
	GlobalSection(SolutionConfigurationPlatforms) = preSolution
		Debug|Any CPU = Debug|Any CPU
		Release|Any CPU = Release|Any CPU
	EndGlobalSection
	GlobalSection(ProjectConfigurationPlatforms) = postSolution
		{4045E3B4-BAB8-4254-AFEC-99AD53E122CD}.Debug|Any CPU.ActiveCfg = Debug|Any CPU
		{4045E3B4-BAB8-4254-AFEC-99AD53E122CD}.Debug|Any CPU.Build.0 = Debug|Any CPU
		{4045E3B4-BAB8-4254-AFEC-99AD53E122CD}.Release|Any CPU.ActiveCfg = Release|Any CPU
		{4045E3B4-BAB8-4254-AFEC-99AD53E122CD}.Release|Any CPU.Build.0 = Release|Any CPU
		{BB5807B9-B857-4A21-8FC1-237C07974222}.Debug|Any CPU.ActiveCfg = Debug|Any CPU
		{BB5807B9-B857-4A21-8FC1-237C07974222}.Debug|Any CPU.Build.0 = Debug|Any CPU
		{BB5807B9-B857-4A21-8FC1-237C07974222}.Release|Any CPU.ActiveCfg = Release|Any CPU
		{BB5807B9-B857-4A21-8FC1-237C07974222}.Release|Any CPU.Build.0 = Release|Any CPU
		{F9ABEFA4-6963-4D9F-B9F6-2A1CD0772C51}.Debug|Any CPU.ActiveCfg = Debug|Any CPU
		{F9ABEFA4-6963-4D9F-B9F6-2A1CD0772C51}.Debug|Any CPU.Build.0 = Debug|Any CPU
		{F9ABEFA4-6963-4D9F-B9F6-2A1CD0772C51}.Release|Any CPU.ActiveCfg = Release|Any CPU
		{F9ABEFA4-6963-4D9F-B9F6-2A1CD0772C51}.Release|Any CPU.Build.0 = Release|Any CPU
	EndGlobalSection
	GlobalSection(SolutionProperties) = preSolution
		HideSolutionNode = FALSE
	EndGlobalSection
	GlobalSection(ExtensibilityGlobals) = postSolution
		SolutionGuid = {CD38C391-8501-4019-A878-C0C12A44E757}
	EndGlobalSection
EndGlobal
